
Microsoft Visual Studio Solution File, Format Version 12.00
# Visual Studio Version 16
VisualStudioVersion = 16.0.31515.178
MinimumVisualStudioVersion = 10.0.40219.1
Project("{FAE04EC0-301F-11D3-BF4B-00C04F79EFBC}") = "TimeWorkTracking", "TimeWorkTracking.csproj", "{1785C3B1-F8F3-43C8-96DA-662415CFF99F}"
EndProject
Global
	GlobalSection(SolutionConfigurationPlatforms) = preSolution
		Debug|Any CPU = Debug|Any CPU
		Release|Any CPU = Release|Any CPU
	EndGlobalSection
	GlobalSection(ProjectConfigurationPlatforms) = postSolution
		{1785C3B1-F8F3-43C8-96DA-662415CFF99F}.Debug|Any CPU.ActiveCfg = Debug|Any CPU
		{1785C3B1-F8F3-43C8-96DA-662415CFF99F}.Debug|Any CPU.Build.0 = Debug|Any CPU
		{1785C3B1-F8F3-43C8-96DA-662415CFF99F}.Release|Any CPU.ActiveCfg = Release|Any CPU
		{1785C3B1-F8F3-43C8-96DA-662415CFF99F}.Release|Any CPU.Build.0 = Release|Any CPU
	EndGlobalSection
	GlobalSection(SolutionProperties) = preSolution
		HideSolutionNode = FALSE
	EndGlobalSection
	GlobalSection(ExtensibilityGlobals) = postSolution
		SolutionGuid = {40212B53-AADA-4017-8EF9-E7BE8379AD76}
	EndGlobalSection
EndGlobal
